Microsoft Visual Studio Solution File, Format Version 11.00
# Visual Studio 2010
Project("{FAE04EC0-301F-11D3-BF4B-00C04F79EFBC}") = "Assembly-CSharp", "Assembly-CSharp.csproj", "{2cf8c809-7aed-fdda-2ec1-ce3237c27182}"
EndProject
Project("{FAE04EC0-301F-11D3-BF4B-00C04F79EFBC}") = "Assembly-CSharp-firstpass", "Assembly-CSharp-firstpass.csproj", "{bac79163-d07b-0aa7-a9f5-bffbd0d9564a}"
EndProject
Project("{FAE04EC0-301F-11D3-BF4B-00C04F79EFBC}") = "Assembly-CSharp-Editor-firstpass", "Assembly-CSharp-Editor-firstpass.csproj", "{be29b94d-5b1c-15ff-000f-a70fa46130bb}"
EndProject
Global
	GlobalSection(SolutionConfigurationPlatforms) = preSolution
		Debug|Any CPU = Debug|Any CPU
		Release|Any CPU = Release|Any CPU
	EndGlobalSection
	GlobalSection(ProjectConfigurationPlatforms) = postSolution
		{2cf8c809-7aed-fdda-2ec1-ce3237c27182}.Debug|Any CPU.ActiveCfg = Debug|Any CPU
		{2cf8c809-7aed-fdda-2ec1-ce3237c27182}.Debug|Any CPU.Build.0 = Debug|Any CPU
		{2cf8c809-7aed-fdda-2ec1-ce3237c27182}.Release|Any CPU.ActiveCfg = Release|Any CPU
		{2cf8c809-7aed-fdda-2ec1-ce3237c27182}.Release|Any CPU.Build.0 = Release|Any CPU
		{bac79163-d07b-0aa7-a9f5-bffbd0d9564a}.Debug|Any CPU.ActiveCfg = Debug|Any CPU
		{bac79163-d07b-0aa7-a9f5-bffbd0d9564a}.Debug|Any CPU.Build.0 = Debug|Any CPU
		{bac79163-d07b-0aa7-a9f5-bffbd0d9564a}.Release|Any CPU.ActiveCfg = Release|Any CPU
		{bac79163-d07b-0aa7-a9f5-bffbd0d9564a}.Release|Any CPU.Build.0 = Release|Any CPU
		{be29b94d-5b1c-15ff-000f-a70fa46130bb}.Debug|Any CPU.ActiveCfg = Debug|Any CPU
		{be29b94d-5b1c-15ff-000f-a70fa46130bb}.Debug|Any CPU.Build.0 = Debug|Any CPU
		{be29b94d-5b1c-15ff-000f-a70fa46130bb}.Release|Any CPU.ActiveCfg = Release|Any CPU
		{be29b94d-5b1c-15ff-000f-a70fa46130bb}.Release|Any CPU.Build.0 = Release|Any CPU
	EndGlobalSection
	GlobalSection(SolutionProperties) = preSolution
		HideSolutionNode = FALSE
	EndGlobalSection
EndGlobal
